
Microsoft Visual Studio Solution File, Format Version 12.00
# Visual Studio Version 17
VisualStudioVersion = 17.5.002.0
MinimumVisualStudioVersion = 10.0.40219.1
Project("{9A19103F-16F7-4668-BE54-9A1E7A4F7556}") = "SmokersDim", "SmokersDim.csproj", "{C6E22817-D4E2-4795-98EF-68A97AE137CE}"
EndProject
Global
	GlobalSection(SolutionConfigurationPlatforms) = preSolution
		Debug|Any CPU = Debug|Any CPU
		Release|Any CPU = Release|Any CPU
	EndGlobalSection
	GlobalSection(ProjectConfigurationPlatforms) = postSolution
		{C6E22817-D4E2-4795-98EF-68A97AE137CE}.Debug|Any CPU.ActiveCfg = Debug|Any CPU
		{C6E22817-D4E2-4795-98EF-68A97AE137CE}.Debug|Any CPU.Build.0 = Debug|Any CPU
		{C6E22817-D4E2-4795-98EF-68A97AE137CE}.Release|Any CPU.ActiveCfg = Release|Any CPU
		{C6E22817-D4E2-4795-98EF-68A97AE137CE}.Release|Any CPU.Build.0 = Release|Any CPU
	EndGlobalSection
	GlobalSection(SolutionProperties) = preSolution
		HideSolutionNode = FALSE
	EndGlobalSection
	GlobalSection(ExtensibilityGlobals) = postSolution
		SolutionGuid = {407FE81D-1F37-49AB-BF20-BAC1A8C729F5}
	EndGlobalSection
EndGlobal
